
Microsoft Visual Studio Solution File, Format Version 12.00
# Visual Studio 15
VisualStudioVersion = 15.0.26730.12
MinimumVisualStudioVersion = 10.0.40219.1
Project("{FAE04EC0-301F-11D3-BF4B-00C04F79EFBC}") = "RepTeam5_YelpApp", "RepTeam5_YelpApp\RepTeam5_YelpApp.csproj", "{FB81515F-F5F9-4920-BA2C-CFEA5BA03E76}"
EndProject
Global
	GlobalSection(SolutionConfigurationPlatforms) = preSolution
		Debug|Any CPU = Debug|Any CPU
		Release|Any CPU = Release|Any CPU
	EndGlobalSection
	GlobalSection(ProjectConfigurationPlatforms) = postSolution
		{FB81515F-F5F9-4920-BA2C-CFEA5BA03E76}.Debug|Any CPU.ActiveCfg = Debug|Any CPU
		{FB81515F-F5F9-4920-BA2C-CFEA5BA03E76}.Debug|Any CPU.Build.0 = Debug|Any CPU
		{FB81515F-F5F9-4920-BA2C-CFEA5BA03E76}.Release|Any CPU.ActiveCfg = Release|Any CPU
		{FB81515F-F5F9-4920-BA2C-CFEA5BA03E76}.Release|Any CPU.Build.0 = Release|Any CPU
	EndGlobalSection
	GlobalSection(SolutionProperties) = preSolution
		HideSolutionNode = FALSE
	EndGlobalSection
	GlobalSection(ExtensibilityGlobals) = postSolution
		SolutionGuid = {50E904C9-D9AD-40D5-8976-4EAC55D1E1B7}
	EndGlobalSection
EndGlobal
